Microsoft Visual Studio Solution File, Format Version 12.00
# Visual Studio 15
VisualStudioVersion = 15.0.27703.2035
MinimumVisualStudioVersion = 10.0.40219.1
Project("{9A19103F-16F7-4668-BE54-9A1E7A4F7556}") = "CefAdapter.Net", "CefAdapter.Net\CefAdapter.Net.csproj", "{0A6A4649-58AB-4845-BD4C-89BA16B8D4E5}"
EndProject
Project("{2150E333-8FDC-42A3-9474-1A3956D46DE8}") = "Samples", "Samples", "{268D54E3-0F07-4BD8-B94C-1DC77DE0693A}"
EndProject
Project("{9A19103F-16F7-4668-BE54-9A1E7A4F7556}") = "Angular", "Samples\Angular\Angular.csproj", "{55C55025-5E80-4A7D-A62E-45EE9306A037}"
EndProject
Project("{9A19103F-16F7-4668-BE54-9A1E7A4F7556}") = "React", "Samples\React\React.csproj", "{C675F4FA-9ED5-4163-A5B3-E6B5AE5FA5B5}"
EndProject
Project("{9A19103F-16F7-4668-BE54-9A1E7A4F7556}") = "Simple", "Samples\Simple\Simple.csproj", "{0466DB17-04CF-4912-B43D-40C995F0F2C6}"
EndProject
Global
	GlobalSection(SolutionConfigurationPlatforms) = preSolution
		Debug|Any CPU = Debug|Any CPU
		Release|Any CPU = Release|Any CPU
	EndGlobalSection
	GlobalSection(ProjectConfigurationPlatforms) = postSolution
		{0A6A4649-58AB-4845-BD4C-89BA16B8D4E5}.Debug|Any CPU.ActiveCfg = Debug|Any CPU
		{0A6A4649-58AB-4845-BD4C-89BA16B8D4E5}.Debug|Any CPU.Build.0 = Debug|Any CPU
		{0A6A4649-58AB-4845-BD4C-89BA16B8D4E5}.Release|Any CPU.ActiveCfg = Release|Any CPU
		{0A6A4649-58AB-4845-BD4C-89BA16B8D4E5}.Release|Any CPU.Build.0 = Release|Any CPU
		{55C55025-5E80-4A7D-A62E-45EE9306A037}.Debug|Any CPU.ActiveCfg = Debug|Any CPU
		{55C55025-5E80-4A7D-A62E-45EE9306A037}.Debug|Any CPU.Build.0 = Debug|Any CPU
		{55C55025-5E80-4A7D-A62E-45EE9306A037}.Release|Any CPU.ActiveCfg = Release|Any CPU
		{55C55025-5E80-4A7D-A62E-45EE9306A037}.Release|Any CPU.Build.0 = Release|Any CPU
		{C675F4FA-9ED5-4163-A5B3-E6B5AE5FA5B5}.Debug|Any CPU.ActiveCfg = Debug|Any CPU
		{C675F4FA-9ED5-4163-A5B3-E6B5AE5FA5B5}.Debug|Any CPU.Build.0 = Debug|Any CPU
		{C675F4FA-9ED5-4163-A5B3-E6B5AE5FA5B5}.Release|Any CPU.ActiveCfg = Release|Any CPU
		{C675F4FA-9ED5-4163-A5B3-E6B5AE5FA5B5}.Release|Any CPU.Build.0 = Release|Any CPU
		{0466DB17-04CF-4912-B43D-40C995F0F2C6}.Debug|Any CPU.ActiveCfg = Debug|Any CPU
		{0466DB17-04CF-4912-B43D-40C995F0F2C6}.Debug|Any CPU.Build.0 = Debug|Any CPU
		{0466DB17-04CF-4912-B43D-40C995F0F2C6}.Release|Any CPU.ActiveCfg = Release|Any CPU
		{0466DB17-04CF-4912-B43D-40C995F0F2C6}.Release|Any CPU.Build.0 = Release|Any CPU
	EndGlobalSection
	GlobalSection(SolutionProperties) = preSolution
		HideSolutionNode = FALSE
	EndGlobalSection
	GlobalSection(NestedProjects) = preSolution
		{55C55025-5E80-4A7D-A62E-45EE9306A037} = {268D54E3-0F07-4BD8-B94C-1DC77DE0693A}
		{C675F4FA-9ED5-4163-A5B3-E6B5AE5FA5B5} = {268D54E3-0F07-4BD8-B94C-1DC77DE0693A}
		{0466DB17-04CF-4912-B43D-40C995F0F2C6} = {268D54E3-0F07-4BD8-B94C-1DC77DE0693A}
	EndGlobalSection
	GlobalSection(ExtensibilityGlobals) = postSolution
		SolutionGuid = {35125F89-1138-308B-A0A7-28CF7C5E7408}
	EndGlobalSection
EndGlobal
